PODS:
  - CryptoSwift (0.15.0)
  - Flutter (1.0.0)
  - pusher_websocket_flutter (0.0.6):
    - Flutter
    - PusherSwift (= 7.0.0)
  - PusherSwift (7.0.0):
    - CryptoSwift (~> 0.9)
    - ReachabilitySwift (= 4.3.0)
    - Starscream (~> 3.0.5)
  - ReachabilitySwift (4.3.0)
  - Starscream (3.0.6)

DEPENDENCIES:
  - Flutter (from `.symlinks/flutter/ios`)
  - pusher_websocket_flutter (from `.symlinks/plugins/pusher_websocket_flutter/ios`)

SPEC REPOS:
  https://github.com/cocoapods/specs.git:
    - CryptoSwift
    - PusherSwift
    - ReachabilitySwift
    - Starscream

EXTERNAL SOURCES:
  Flutter:
    :path: ".symlinks/flutter/ios"
  pusher_websocket_flutter:
    :path: ".symlinks/plugins/pusher_websocket_flutter/ios"

SPEC CHECKSUMS:
  CryptoSwift: 769f58a9e89f64e8796c2e59ce5f002dc81a2438
  Flutter: 58dd7d1b27887414a370fcccb9e645c08ffd7a6a
  pusher_websocket_flutter: 8e0ad2c68a61137336be6d94b39e72eddcb4eacc
  PusherSwift: d15d6290be0b0b57fd9ac80b03661a6ba24623ec
  ReachabilitySwift: 408477d1b6ed9779dba301953171e017c31241f3
  Starscream: ef3ece99d765eeccb67de105bfa143f929026cf5

PODFILE CHECKSUM: d231b65d6bea6d24555f84ca7901720538b5791f

COCOAPODS: 1.7.3
